
Microsoft Visual Studio Solution File, Format Version 12.00
# Visual Studio Version 17
VisualStudioVersion = 17.4.33205.214
MinimumVisualStudioVersion = 10.0.40219.1
Project("{FAE04EC0-301F-11D3-BF4B-00C04F79EFBC}") = "Day_2", "Day_2\Day_2.csproj", "{D486EBEB-2D97-4008-A0AF-9FD3BE021314}"
EndProject
Global
	GlobalSection(SolutionConfigurationPlatforms) = preSolution
		Debug|Any CPU = Debug|Any CPU
		Release|Any CPU = Release|Any CPU
	EndGlobalSection
	GlobalSection(ProjectConfigurationPlatforms) = postSolution
		{D486EBEB-2D97-4008-A0AF-9FD3BE021314}.Debug|Any CPU.ActiveCfg = Debug|Any CPU
		{D486EBEB-2D97-4008-A0AF-9FD3BE021314}.Debug|Any CPU.Build.0 = Debug|Any CPU
		{D486EBEB-2D97-4008-A0AF-9FD3BE021314}.Release|Any CPU.ActiveCfg = Release|Any CPU
		{D486EBEB-2D97-4008-A0AF-9FD3BE021314}.Release|Any CPU.Build.0 = Release|Any CPU
	EndGlobalSection
	GlobalSection(SolutionProperties) = preSolution
		HideSolutionNode = FALSE
	EndGlobalSection
	GlobalSection(ExtensibilityGlobals) = postSolution
		SolutionGuid = {2B92F2B6-3964-47B3-8F2F-9D28C247CF3E}
	EndGlobalSection
EndGlobal
